{
  "name": "mono",
  "lockfileVersion": 2,
  "requires": true,
  "packages": {
    "": {
      "dependencies": {
        "@hotjar/browser": "^1.0.7",
        "@sendbird/chat": "^4.9.9"
      }
    },
    "node_modules/@hotjar/browser": {
      "version": "1.0.9",
      "resolved": "https://registry.npmjs.org/@hotjar/browser/-/browser-1.0.9.tgz",
      "integrity": "sha512-n9akDMod8BLGpYEQCrHwlYWWd63c1HlhUSXNIDfClZtKYXbUjIUOFlNZNNcUxgHTCsi4l2i+SWKsGsO0t93S8w=="
    },
    "node_modules/@sendbird/chat": {
      "version": "4.9.10",
      "resolved": "https://registry.npmjs.org/@sendbird/chat/-/chat-4.9.10.tgz",
      "integrity": "sha512-WR2DoFu190/8Z6UhSjeNNQE6vIhrfBgwH5hdL0Jb4mVQNm8bSBd9jbwlDzvBAZCAqHxvXwNU+rH2VlKvaw84wQ==",
      "peerDependencies": {
        "@react-native-async-storage/async-storage": "^1.17.6"
      },
      "peerDependenciesMeta": {
        "@react-native-async-storage/async-storage": {
          "optional": true
        }
      }
    }
  },
  "dependencies": {
    "@hotjar/browser": {
      "version": "1.0.9",
      "resolved": "https://registry.npmjs.org/@hotjar/browser/-/browser-1.0.9.tgz",
      "integrity": "sha512-n9akDMod8BLGpYEQCrHwlYWWd63c1HlhUSXNIDfClZtKYXbUjIUOFlNZNNcUxgHTCsi4l2i+SWKsGsO0t93S8w=="
    },
    "@sendbird/chat": {
      "version": "4.9.10",
      "resolved": "https://registry.npmjs.org/@sendbird/chat/-/chat-4.9.10.tgz",
      "integrity": "sha512-WR2DoFu190/8Z6UhSjeNNQE6vIhrfBgwH5hdL0Jb4mVQNm8bSBd9jbwlDzvBAZCAqHxvXwNU+rH2VlKvaw84wQ==",
      "requires": {}
    }
  }
}
