{
    "name": "mono",
    "lockfileVersion": 2,
    "requires": true,
    "packages": {
        "": {
            "dependencies": {
                "@hotjar/browser": "^1.0.7"
            }
        },
        "node_modules/@hotjar/browser": {
            "version": "1.0.9",
            "resolved": "https://registry.npmjs.org/@hotjar/browser/-/browser-1.0.9.tgz",
            "integrity": "sha512-n9akDMod8BLGpYEQCrHwlYWWd63c1HlhUSXNIDfClZtKYXbUjIUOFlNZNNcUxgHTCsi4l2i+SWKsGsO0t93S8w=="
        }
    },
    "dependencies": {
        "@hotjar/browser": {
            "version": "1.0.9",
            "resolved": "https://registry.npmjs.org/@hotjar/browser/-/browser-1.0.9.tgz",
            "integrity": "sha512-n9akDMod8BLGpYEQCrHwlYWWd63c1HlhUSXNIDfClZtKYXbUjIUOFlNZNNcUxgHTCsi4l2i+SWKsGsO0t93S8w=="
        }
    }
}
