# THIS IS AN AUTOGENERATED FILE. DO NOT EDIT THIS FILE DIRECTLY.
# yarn lockfile v1


"@hotjar/browser@^1.0.7":
  version "1.0.7"
  resolved "https://registry.yarnpkg.com/@hotjar/browser/-/browser-1.0.7.tgz#02cd95174451624883d81620431845d400dfdc5c"
  integrity sha512-OS6qRkidT7ACt+kSaYgHwEbOfUSiVCi9tVwmkq45KYAA+4wE0BrZO9Zwob9YJap17yY/yG6moc0vR0R47NJ0EA==
