# THIS IS AN AUTOGENERATED FILE. DO NOT EDIT THIS FILE DIRECTLY.
# yarn lockfile v1


"@prisma/client@^4.12.0":
  version "4.12.0"
  resolved "https://registry.yarnpkg.com/@prisma/client/-/client-4.12.0.tgz#119b692888b1fe0fd3305c7d0e0ac48520aa6839"
  integrity sha512-j9/ighfWwux97J2dS15nqhl60tYoH8V0IuSsgZDb6bCFcQD3fXbXmxjYC8GHhIgOk3lB7Pq+8CwElz2MiDpsSg==
  dependencies:
    "@prisma/engines-version" "4.12.0-67.659ef412370fa3b41cd7bf6e94587c1dfb7f67e7"

"@prisma/engines-version@4.12.0-67.659ef412370fa3b41cd7bf6e94587c1dfb7f67e7":
  version "4.12.0-67.659ef412370fa3b41cd7bf6e94587c1dfb7f67e7"
  resolved "https://registry.yarnpkg.com/@prisma/engines-version/-/engines-version-4.12.0-67.659ef412370fa3b41cd7bf6e94587c1dfb7f67e7.tgz#51a1cc5c886564b542acde64a873645d0dee2566"
  integrity sha512-JIHNj5jlXb9mcaJwakM0vpgRYJIAurxTUqM0iX0tfEQA5XLZ9ONkIckkhuAKdAzocZ+80GYg7QSsfpjg7OxbOA==

"@prisma/engines@4.12.0":
  version "4.12.0"
  resolved "https://registry.yarnpkg.com/@prisma/engines/-/engines-4.12.0.tgz#68d99078b70b2d9c339d0e8cbf2e99f00b72aa8c"
  integrity sha512-0alKtnxhNB5hYU+ymESBlGI4b9XrGGSdv7Ud+8TE/fBNOEhIud0XQsAR+TrvUZgS4na5czubiMsODw0TUrgkIA==

"@tanstack/query-core@4.27.0":
  version "4.27.0"
  resolved "https://registry.yarnpkg.com/@tanstack/query-core/-/query-core-4.27.0.tgz#96bcef499008ea080b66611d029655e3ffdf8bea"
  integrity sha512-sm+QncWaPmM73IPwFlmWSKPqjdTXZeFf/7aEmWh00z7yl2FjqophPt0dE1EHW9P1giMC5rMviv7OUbSDmWzXXA==

"@tanstack/react-query@^4.28.0":
  version "4.28.0"
  resolved "https://registry.yarnpkg.com/@tanstack/react-query/-/react-query-4.28.0.tgz#01cb9969b15cbcbd5dcfcd4b264dc18ef0a35f86"
  integrity sha512-8cGBV5300RHlvYdS4ea+G1JcZIt5CIuprXYFnsWggkmGoC0b5JaqG0fIX3qwDL9PTNkKvG76NGThIWbpXivMrQ==
  dependencies:
    "@tanstack/query-core" "4.27.0"
    use-sync-external-store "^1.2.0"

"@trpc/client@^10.18.0":
  version "10.18.0"
  resolved "https://registry.yarnpkg.com/@trpc/client/-/client-10.18.0.tgz#02d03ed47e34d6b8a3d3ee0e1f11e6074c2ece18"
  integrity sha512-2d+6r2C/xygTjDWX9jT66defgHzbQP0Z8vrvyT3XtPjqU6JNlRNuS2ZtB8xDPdOQUUVnndzZ43BMr+Zu49K0OQ==

"@trpc/next@^10.18.0":
  version "10.18.0"
  resolved "https://registry.yarnpkg.com/@trpc/next/-/next-10.18.0.tgz#033585a415077285ac276124837944b734ccf6f0"
  integrity sha512-GftAMy3K9AEATmsVTdc5zhCTLzSYpZ9bene7+sTlCF7QX/AMxIsd0ZUFrRnF6yg3jnxN+SvdNcF9IXeETXtGUw==
  dependencies:
    react-ssr-prepass "^1.5.0"

"@trpc/react-query@^10.18.0":
  version "10.18.0"
  resolved "https://registry.yarnpkg.com/@trpc/react-query/-/react-query-10.18.0.tgz#ad56989587c4a7d3c6b4769f5c1df0e5ad3154d5"
  integrity sha512-5IxlvBh+KY/zOYCekBXzZUHtOrURQyXNnpQg9ZlEZTiyZmivGjIyH2VQIsFsGrK8IU99GAmIReQCw6uWgQrEcQ==

"@trpc/server@^10.18.0":
  version "10.18.0"
  resolved "https://registry.yarnpkg.com/@trpc/server/-/server-10.18.0.tgz#3e3de21d4f66e86a20a5175a0d193d687d75a17c"
  integrity sha512-nVMqdDIF9YLOeC3g6RdAvdCPqkHFjpshSqZGThZ+fyjiWSUXj2ZKCduhJFnY77TjtgODojeaaghmzcnjxb+Onw==

copy-anything@^3.0.2:
  version "3.0.3"
  resolved "https://registry.yarnpkg.com/copy-anything/-/copy-anything-3.0.3.tgz#206767156f08da0e02efd392f71abcdf79643559"
  integrity sha512-fpW2W/BqEzqPp29QS+MwwfisHCQZtiduTe/m8idFo0xbti9fIZ2WVhAsCv4ggFVH3AgCkVdpoOCtQC6gBrdhjw==
  dependencies:
    is-what "^4.1.8"

is-what@^4.1.8:
  version "4.1.8"
  resolved "https://registry.yarnpkg.com/is-what/-/is-what-4.1.8.tgz#0e2a8807fda30980ddb2571c79db3d209b14cbe4"
  integrity sha512-yq8gMao5upkPoGEU9LsB2P+K3Kt8Q3fQFCGyNCWOAnJAMzEXVV9drYb0TXr42TTliLLhKIBvulgAXgtLLnwzGA==

prisma@^4.12.0:
  version "4.12.0"
  resolved "https://registry.yarnpkg.com/prisma/-/prisma-4.12.0.tgz#1080eda951928cb3b0274ad29da9ae4f93143d68"
  integrity sha512-xqVper4mbwl32BWzLpdznHAYvYDWQQWK2tBfXjdUD397XaveRyAP7SkBZ6kFlIg8kKayF4hvuaVtYwXd9BodAg==
  dependencies:
    "@prisma/engines" "4.12.0"

react-ssr-prepass@^1.5.0:
  version "1.5.0"
  resolved "https://registry.yarnpkg.com/react-ssr-prepass/-/react-ssr-prepass-1.5.0.tgz#bc4ca7fcb52365e6aea11cc254a3d1bdcbd030c5"
  integrity sha512-yFNHrlVEReVYKsLI5lF05tZoHveA5pGzjFbFJY/3pOqqjGOmMmqx83N4hIjN2n6E1AOa+eQEUxs3CgRnPmT0RQ==

superjson@^1.12.2:
  version "1.12.2"
  resolved "https://registry.yarnpkg.com/superjson/-/superjson-1.12.2.tgz#072471f1e6add2d95a38b77fef8c7a199d82103a"
  integrity sha512-ugvUo9/WmvWOjstornQhsN/sR9mnGtWGYeTxFuqLb4AiT4QdUavjGFRALCPKWWnAiUJ4HTpytj5e0t5HoMRkXg==
  dependencies:
    copy-anything "^3.0.2"

use-sync-external-store@^1.2.0:
  version "1.2.0"
  resolved "https://registry.yarnpkg.com/use-sync-external-store/-/use-sync-external-store-1.2.0.tgz#7dbefd6ef3fe4e767a0cf5d7287aacfb5846928a"
  integrity sha512-eEgnFxGQ1Ife9bzYs6VLi8/4X6CObHMw9Qr9tPY43iKwsPw8xE8+EFsf/2cFZ5S3esXgpWgtSCtLNS41F+sKPA==

zod@^3.21.4:
  version "3.21.4"
  resolved "https://registry.yarnpkg.com/zod/-/zod-3.21.4.tgz#10882231d992519f0a10b5dd58a38c9dabbb64db"
  integrity sha512-m46AKbrzKVzOzs/DZgVnG5H55N1sv1M8qZU3A8RIKbs3mrACDNeIOeilDymVb2HdmP8uwshOCF4uJ8uM9rCqJw==
